
Microsoft Visual Studio Solution File, Format Version 12.00
# Visual Studio Version 17
VisualStudioVersion = 17.6.33815.320
MinimumVisualStudioVersion = 10.0.40219.1
Project("{FAE04EC0-301F-11D3-BF4B-00C04F79EFBC}") = "UserGreetings", "UserGreetings\UserGreetings.csproj", "{43FAE751-7729-4442-B809-7A99BE45B27A}"
EndProject
Global
	GlobalSection(SolutionConfigurationPlatforms) = preSolution
		Debug|Any CPU = Debug|Any CPU
		Release|Any CPU = Release|Any CPU
	EndGlobalSection
	GlobalSection(ProjectConfigurationPlatforms) = postSolution
		{43FAE751-7729-4442-B809-7A99BE45B27A}.Debug|Any CPU.ActiveCfg = Debug|Any CPU
		{43FAE751-7729-4442-B809-7A99BE45B27A}.Debug|Any CPU.Build.0 = Debug|Any CPU
		{43FAE751-7729-4442-B809-7A99BE45B27A}.Release|Any CPU.ActiveCfg = Release|Any CPU
		{43FAE751-7729-4442-B809-7A99BE45B27A}.Release|Any CPU.Build.0 = Release|Any CPU
	EndGlobalSection
	GlobalSection(SolutionProperties) = preSolution
		HideSolutionNode = FALSE
	EndGlobalSection
	GlobalSection(ExtensibilityGlobals) = postSolution
		SolutionGuid = {4AF21102-D803-4BD2-B62C-A3597DCBD400}
	EndGlobalSection
EndGlobal
